<?xml version="1.0" encoding="UTF-8" standalone="yes" ?>
<CodeBlocks_project_file>
	<FileVersion major="1" minor="6" />
	<Project>
		<Option title="Test1 - Camera matrix input" />
		<Option pch_mode="2" />
		<Option compiler="gcc" />
		<Build>
			<Target title="Debug">
				<Option output="bin\Debug\Test1 - Camera matrix input" prefix_auto="1" extension_auto="1" />
				<Option object_output="obj\Debug\" />
				<Option type="1" />
				<Option compiler="gcc" />
				<Compiler>
					<Add option="-g" />
				</Compiler>
			</Target>
		</Build>
		<Compiler>
			<Add option="-Wall" />
			<Add option="-fexceptions" />
		</Compiler>
		<Unit filename="..\src\FSolver.cpp" />
		<Unit filename="..\src\FSolver.h" />
		<Unit filename="..\src\RTSolver.cpp" />
		<Unit filename="..\src\RTSolver.h" />
		<Unit filename="..\src\main.cpp" />
		<Unit filename="..\src\matrix.h" />
		<Unit filename="..\src\nrlib\mins.h" />
		<Unit filename="..\src\nrlib\mins_ndim.h" />
		<Unit filename="..\src\nrlib\nr3.h" />
		<Unit filename="..\src\nrlib\qrdcmp.h" />
		<Unit filename="..\src\nrlib\svd.cpp" />
		<Unit filename="..\src\nrlib\svd.h" />
		<Unit filename="..\src\numerical.h" />
		<Unit filename="..\src\transformMatrix.cpp" />
		<Unit filename="..\src\transformMatrix.h" />
		<Extensions>
			<code_completion />
			<debugger />
		</Extensions>
	</Project>
</CodeBlocks_project_file>
